PODS:
  - fitness (0.0.1):
    - Flutter
  - Flutter (1.0.0)

DEPENDENCIES:
  - fitness (from `.symlinks/plugins/fitness/ios`)
  - Flutter (from `Flutter`)

EXTERNAL SOURCES:
  fitness:
    :path: ".symlinks/plugins/fitness/ios"
  Flutter:
    :path: Flutter

SPEC CHECKSUMS:
  fitness: 46ee847894f81df4a52361fc4242e8cf9a913504
  Flutter: 0e3d915762c693b495b44d77113d4970485de6ec

PODFILE CHECKSUM: aafe91acc616949ddb318b77800a7f51bffa2a4c

COCOAPODS: 1.10.1
